
Microsoft Visual Studio Solution File, Format Version 12.00
# Visual Studio Version 16
VisualStudioVersion = 16.0.31605.320
MinimumVisualStudioVersion = 10.0.40219.1
Project("{9A19103F-16F7-4668-BE54-9A1E7A4F7556}") = "053501_SOK_Lab9", "053501_SOK_Lab9\053501_SOK_Lab9.csproj", "{C688D2BF-4B8D-4356-B727-A88DA2DACF23}"
EndProject
Project("{9A19103F-16F7-4668-BE54-9A1E7A4F7556}") = "053501_SOK_Lab9.Domain", "053501_SOK_Lab9.Domain\053501_SOK_Lab9.Domain.csproj", "{4E750951-7E6C-46D1-955D-F1F879EB900C}"
EndProject
Project("{9A19103F-16F7-4668-BE54-9A1E7A4F7556}") = "Serializer", "Serializer\Serializer.csproj", "{D4F27296-0AEC-4606-A0DC-31777CF748EE}"
EndProject
Global
	GlobalSection(SolutionConfigurationPlatforms) = preSolution
		Debug|Any CPU = Debug|Any CPU
		Release|Any CPU = Release|Any CPU
	EndGlobalSection
	GlobalSection(ProjectConfigurationPlatforms) = postSolution
		{C688D2BF-4B8D-4356-B727-A88DA2DACF23}.Debug|Any CPU.ActiveCfg = Debug|Any CPU
		{C688D2BF-4B8D-4356-B727-A88DA2DACF23}.Debug|Any CPU.Build.0 = Debug|Any CPU
		{C688D2BF-4B8D-4356-B727-A88DA2DACF23}.Release|Any CPU.ActiveCfg = Release|Any CPU
		{C688D2BF-4B8D-4356-B727-A88DA2DACF23}.Release|Any CPU.Build.0 = Release|Any CPU
		{4E750951-7E6C-46D1-955D-F1F879EB900C}.Debug|Any CPU.ActiveCfg = Debug|Any CPU
		{4E750951-7E6C-46D1-955D-F1F879EB900C}.Debug|Any CPU.Build.0 = Debug|Any CPU
		{4E750951-7E6C-46D1-955D-F1F879EB900C}.Release|Any CPU.ActiveCfg = Release|Any CPU
		{4E750951-7E6C-46D1-955D-F1F879EB900C}.Release|Any CPU.Build.0 = Release|Any CPU
		{D4F27296-0AEC-4606-A0DC-31777CF748EE}.Debug|Any CPU.ActiveCfg = Debug|Any CPU
		{D4F27296-0AEC-4606-A0DC-31777CF748EE}.Debug|Any CPU.Build.0 = Debug|Any CPU
		{D4F27296-0AEC-4606-A0DC-31777CF748EE}.Release|Any CPU.ActiveCfg = Release|Any CPU
		{D4F27296-0AEC-4606-A0DC-31777CF748EE}.Release|Any CPU.Build.0 = Release|Any CPU
	EndGlobalSection
	GlobalSection(SolutionProperties) = preSolution
		HideSolutionNode = FALSE
	EndGlobalSection
	GlobalSection(ExtensibilityGlobals) = postSolution
		SolutionGuid = {B36BCBBE-A0C2-4782-B30F-FC0B13597B53}
	EndGlobalSection
EndGlobal
